dependencies:
  espressif/esp32-camera:
    component_hash: bf6c6f29710c79228988cf91c18a31b40178f42086b39a3157a4d15df201978b
    source:
      service_url: https://api.components.espressif.com/
      type: service
    version: 2.0.3
  idf:
    component_hash: null
    source:
      type: idf
    version: 5.0.0
manifest_hash: 1fb6adfa043b82746738cb1e3fee204f2bc6fc5a3d9b37a33c1e32fe8e9ff211
target: esp32
version: 1.0.0
